// !$*UTF8*$!
{
	archiveVersion = 1;
	classes = {
	};
	objectVersion = 46;
	objects = {

/* Begin PBXBuildFile section */
		123ABE0718445A9E00CA2C57 /* InterestReportMasterViewController.m in Sources */ = {isa = PBXBuildFile; fileRef = 123ABE0618445A9E00CA2C57 /* InterestReportMasterViewController.m */; };
		123ABE0A18445AC700CA2C57 /* DividendReportViewController.m in Sources */ = {isa = PBXBuildFile; fileRef = 123ABE0918445AC700CA2C57 /* DividendReportViewController.m */; };
		D90AE026183ADC9F00D0ACAA /* Foundation.framework in Frameworks */ = {isa = PBXBuildFile; fileRef = D90AE025183ADC9F00D0ACAA /* Foundation.framework */; };
		D90AE028183ADC9F00D0ACAA /* CoreGraphics.framework in Frameworks */ = {isa = PBXBuildFile; fileRef = D90AE027183ADC9F00D0ACAA /* CoreGraphics.framework */; };
		D90AE02A183ADC9F00D0ACAA /* UIKit.framework in Frameworks */ = {isa = PBXBuildFile; fileRef = D90AE029183ADC9F00D0ACAA /* UIKit.framework */; };
		D90AE02C183ADC9F00D0ACAA /* CoreData.framework in Frameworks */ = {isa = PBXBuildFile; fileRef = D90AE02B183ADC9F00D0ACAA /* CoreData.framework */; };
		D90AE032183ADC9F00D0ACAA /* InfoPlist.strings in Resources */ = {isa = PBXBuildFile; fileRef = D90AE030183ADC9F00D0ACAA /* InfoPlist.strings */; };
		D90AE034183ADC9F00D0ACAA /* main.m in Sources */ = {isa = PBXBuildFile; fileRef = D90AE033183ADC9F00D0ACAA /* main.m */; };
		D90AE038183ADC9F00D0ACAA /* NestEggIncome2AppDelegate.m in Sources */ = {isa = PBXBuildFile; fileRef = D90AE037183ADC9F00D0ACAA /* NestEggIncome2AppDelegate.m */; };
		D90AE03B183ADC9F00D0ACAA /* NestEggIncome2.xcdatamodeld in Sources */ = {isa = PBXBuildFile; fileRef = D90AE039183ADC9F00D0ACAA /* NestEggIncome2.xcdatamodeld */; };
		D90AE03D183ADC9F00D0ACAA /* Images.xcassets in Resources */ = {isa = PBXBuildFile; fileRef = D90AE03C183ADC9F00D0ACAA /* Images.xcassets */; };
		D90AE044183ADC9F00D0ACAA /* XCTest.framework in Frameworks */ = {isa = PBXBuildFile; fileRef = D90AE043183ADC9F00D0ACAA /* XCTest.framework */; };
		D90AE045183ADC9F00D0ACAA /* Foundation.framework in Frameworks */ = {isa = PBXBuildFile; fileRef = D90AE025183ADC9F00D0ACAA /* Foundation.framework */; };
		D90AE046183ADC9F00D0ACAA /* UIKit.framework in Frameworks */ = {isa = PBXBuildFile; fileRef = D90AE029183ADC9F00D0ACAA /* UIKit.framework */; };
		D90AE047183ADC9F00D0ACAA /* CoreData.framework in Frameworks */ = {isa = PBXBuildFile; fileRef = D90AE02B183ADC9F00D0ACAA /* CoreData.framework */; };
		D90AE04F183ADC9F00D0ACAA /* InfoPlist.strings in Resources */ = {isa = PBXBuildFile; fileRef = D90AE04D183ADC9F00D0ACAA /* InfoPlist.strings */; };
		D90AE051183ADC9F00D0ACAA /* NestEggIncome2Tests.m in Sources */ = {isa = PBXBuildFile; fileRef = D90AE050183ADC9F00D0ACAA /* NestEggIncome2Tests.m */; };
		D90AE05B183AE01900D0ACAA /* Storyboard.storyboard in Resources */ = {isa = PBXBuildFile; fileRef = D90AE05A183AE01900D0ACAA /* Storyboard.storyboard */; };
		D90AE05E183AE08A00D0ACAA /* MonthSelectorViewController.m in Sources */ = {isa = PBXBuildFile; fileRef = D90AE05D183AE08A00D0ACAA /* MonthSelectorViewController.m */; };
		D90AE061183AE09800D0ACAA /* SummaryViewController.m in Sources */ = {isa = PBXBuildFile; fileRef = D90AE060183AE09800D0ACAA /* SummaryViewController.m */; };
		D90AE067183AE0C900D0ACAA /* FixedUpdatesViewController.m in Sources */ = {isa = PBXBuildFile; fileRef = D90AE066183AE0C900D0ACAA /* FixedUpdatesViewController.m */; };
		D90AE06D183AE0F800D0ACAA /* InterestUpdateViewController.m in Sources */ = {isa = PBXBuildFile; fileRef = D90AE06C183AE0F800D0ACAA /* InterestUpdateViewController.m */; };
		D90AE073183AE12A00D0ACAA /* DividendUpdateViewController.m in Sources */ = {isa = PBXBuildFile; fileRef = D90AE072183AE12A00D0ACAA /* DividendUpdateViewController.m */; };
		D90AE076183AE13A00D0ACAA /* IntructionsViewController.m in Sources */ = {isa = PBXBuildFile; fileRef = D90AE075183AE13A00D0ACAA /* IntructionsViewController.m */; };
		D90AE07D183AE49B00D0ACAA /* bird_120.png in Resources */ = {isa = PBXBuildFile; fileRef = D90AE078183AE49B00D0ACAA /* bird_120.png */; };
		D90AE07E183AE49B00D0ACAA /* bird_152.png in Resources */ = {isa = PBXBuildFile; fileRef = D90AE079183AE49B00D0ACAA /* bird_152.png */; };
		D90AE07F183AE49B00D0ACAA /* egg1_grn.png in Resources */ = {isa = PBXBuildFile; fileRef = D90AE07A183AE49B00D0ACAA /* egg1_grn.png */; };
		D90AE080183AE49B00D0ACAA /* egg2_red.png in Resources */ = {isa = PBXBuildFile; fileRef = D90AE07B183AE49B00D0ACAA /* egg2_red.png */; };
		D90AE081183AE49B00D0ACAA /* egg3_prple.png in Resources */ = {isa = PBXBuildFile; fileRef = D90AE07C183AE49B00D0ACAA /* egg3_prple.png */; };
		D90AE084183AEB7A00D0ACAA /* FixedReportMasterViewController.m in Sources */ = {isa = PBXBuildFile; fileRef = D90AE083183AEB7A00D0ACAA /* FixedReportMasterViewController.m */; };
/* End PBXBuildFile section */

/* Begin PBXContainerItemProxy section */
		D90AE048183ADC9F00D0ACAA /* PBXContainerItemProxy */ = {
			isa = PBXContainerItemProxy;
			containerPortal = D90AE01A183ADC9F00D0ACAA /* Project object */;
			proxyType = 1;
			remoteGlobalIDString = D90AE021183ADC9F00D0ACAA;
			remoteInfo = NestEggIncome2;
		};
/* End PBXContainerItemProxy section */

/* Begin PBXFileReference section */
		123ABE0518445A9E00CA2C57 /* InterestReportMasterViewController.h */ = {isa = PBXFileReference; fileEncoding = 4; lastKnownFileType = sourcecode.c.h; path = InterestReportMasterViewController.h; sourceTree = "<group>"; };
		123ABE0618445A9E00CA2C57 /* InterestReportMasterViewController.m */ = {isa = PBXFileReference; fileEncoding = 4; lastKnownFileType = sourcecode.c.objc; path = InterestReportMasterViewController.m; sourceTree = "<group>"; };
		123ABE0818445AC700CA2C57 /* DividendReportViewController.h */ = {isa = PBXFileReference; fileEncoding = 4; lastKnownFileType = sourcecode.c.h; path = DividendReportViewController.h; sourceTree = "<group>"; };
		123ABE0918445AC700CA2C57 /* DividendReportViewController.m */ = {isa = PBXFileReference; fileEncoding = 4; lastKnownFileType = sourcecode.c.objc; path = DividendReportViewController.m; sourceTree = "<group>"; };
		D90AE022183ADC9F00D0ACAA /* NestEggIncome2.app */ = {isa = PBXFileReference; explicitFileType = wrapper.application; includeInIndex = 0; path = NestEggIncome2.app; sourceTree = BUILT_PRODUCTS_DIR; };
		D90AE025183ADC9F00D0ACAA /* Foundation.framework */ = {isa = PBXFileReference; lastKnownFileType = wrapper.framework; name = Foundation.framework; path = System/Library/Frameworks/Foundation.framework; sourceTree = SDKROOT; };
		D90AE027183ADC9F00D0ACAA /* CoreGraphics.framework */ = {isa = PBXFileReference; lastKnownFileType = wrapper.framework; name = CoreGraphics.framework; path = System/Library/Frameworks/CoreGraphics.framework; sourceTree = SDKROOT; };
		D90AE029183ADC9F00D0ACAA /* UIKit.framework */ = {isa = PBXFileReference; lastKnownFileType = wrapper.framework; name = UIKit.framework; path = System/Library/Frameworks/UIKit.framework; sourceTree = SDKROOT; };
		D90AE02B183ADC9F00D0ACAA /* CoreData.framework */ = {isa = PBXFileReference; lastKnownFileType = wrapper.framework; name = CoreData.framework; path = System/Library/Frameworks/CoreData.framework; sourceTree = SDKROOT; };
		D90AE02F183ADC9F00D0ACAA /* NestEggIncome2-Info.plist */ = {isa = PBXFileReference; lastKnownFileType = text.plist.xml; path = "NestEggIncome2-Info.plist"; sourceTree = "<group>"; };
		D90AE031183ADC9F00D0ACAA /* en */ = {isa = PBXFileReference; lastKnownFileType = text.plist.strings; name = en; path = en.lproj/InfoPlist.strings; sourceTree = "<group>"; };
		D90AE033183ADC9F00D0ACAA /* main.m */ = {isa = PBXFileReference; lastKnownFileType = sourcecode.c.objc; path = main.m; sourceTree = "<group>"; };
		D90AE035183ADC9F00D0ACAA /* NestEggIncome2-Prefix.pch */ = {isa = PBXFileReference; lastKnownFileType = sourcecode.c.h; path = "NestEggIncome2-Prefix.pch"; sourceTree = "<group>"; };
		D90AE036183ADC9F00D0ACAA /* NestEggIncome2AppDelegate.h */ = {isa = PBXFileReference; lastKnownFileType = sourcecode.c.h; path = NestEggIncome2AppDelegate.h; sourceTree = "<group>"; };
		D90AE037183ADC9F00D0ACAA /* NestEggIncome2AppDelegate.m */ = {isa = PBXFileReference; lastKnownFileType = sourcecode.c.objc; path = NestEggIncome2AppDelegate.m; sourceTree = "<group>"; };
		D90AE03A183ADC9F00D0ACAA /* NestEggIncome2.xcdatamodel */ = {isa = PBXFileReference; lastKnownFileType = wrapper.xcdatamodel; path = NestEggIncome2.xcdatamodel; sourceTree = "<group>"; };
		D90AE03C183ADC9F00D0ACAA /* Images.xcassets */ = {isa = PBXFileReference; lastKnownFileType = folder.assetcatalog; path = Images.xcassets; sourceTree = "<group>"; };
		D90AE042183ADC9F00D0ACAA /* NestEggIncome2Tests.xctest */ = {isa = PBXFileReference; explicitFileType = wrapper.cfbundle; includeInIndex = 0; path = NestEggIncome2Tests.xctest; sourceTree = BUILT_PRODUCTS_DIR; };
		D90AE043183ADC9F00D0ACAA /* XCTest.framework */ = {isa = PBXFileReference; lastKnownFileType = wrapper.framework; name = XCTest.framework; path = Library/Frameworks/XCTest.framework; sourceTree = DEVELOPER_DIR; };
		D90AE04C183ADC9F00D0ACAA /* NestEggIncome2Tests-Info.plist */ = {isa = PBXFileReference; lastKnownFileType = text.plist.xml; path = "NestEggIncome2Tests-Info.plist"; sourceTree = "<group>"; };
		D90AE04E183ADC9F00D0ACAA /* en */ = {isa = PBXFileReference; lastKnownFileType = text.plist.strings; name = en; path = en.lproj/InfoPlist.strings; sourceTree = "<group>"; };
		D90AE050183ADC9F00D0ACAA /* NestEggIncome2Tests.m */ = {isa = PBXFileReference; lastKnownFileType = sourcecode.c.objc; path = NestEggIncome2Tests.m; sourceTree = "<group>"; };
		D90AE05A183AE01900D0ACAA /* Storyboard.storyboard */ = {isa = PBXFileReference; fileEncoding = 4; lastKnownFileType = file.storyboard; path = Storyboard.storyboard; sourceTree = "<group>"; };
		D90AE05C183AE08A00D0ACAA /* MonthSelectorViewController.h */ = {isa = PBXFileReference; fileEncoding = 4; lastKnownFileType = sourcecode.c.h; path = MonthSelectorViewController.h; sourceTree = "<group>"; };
		D90AE05D183AE08A00D0ACAA /* MonthSelectorViewController.m */ = {isa = PBXFileReference; fileEncoding = 4; lastKnownFileType = sourcecode.c.objc; path = MonthSelectorViewController.m; sourceTree = "<group>"; };
		D90AE05F183AE09800D0ACAA /* SummaryViewController.h */ = {isa = PBXFileReference; fileEncoding = 4; lastKnownFileType = sourcecode.c.h; path = SummaryViewController.h; sourceTree = "<group>"; };
		D90AE060183AE09800D0ACAA /* SummaryViewController.m */ = {isa = PBXFileReference; fileEncoding = 4; lastKnownFileType = sourcecode.c.objc; path = SummaryViewController.m; sourceTree = "<group>"; };
		D90AE065183AE0C900D0ACAA /* FixedUpdatesViewController.h */ = {isa = PBXFileReference; fileEncoding = 4; lastKnownFileType = sourcecode.c.h; path = FixedUpdatesViewController.h; sourceTree = "<group>"; };
		D90AE066183AE0C900D0ACAA /* FixedUpdatesViewController.m */ = {isa = PBXFileReference; fileEncoding = 4; lastKnownFileType = sourcecode.c.objc; path = FixedUpdatesViewController.m; sourceTree = "<group>"; };
		D90AE06B183AE0F800D0ACAA /* InterestUpdateViewController.h */ = {isa = PBXFileReference; fileEncoding = 4; lastKnownFileType = sourcecode.c.h; path = InterestUpdateViewController.h; sourceTree = "<group>"; };
		D90AE06C183AE0F800D0ACAA /* InterestUpdateViewController.m */ = {isa = PBXFileReference; fileEncoding = 4; lastKnownFileType = sourcecode.c.objc; path = InterestUpdateViewController.m; sourceTree = "<group>"; };
		D90AE071183AE12A00D0ACAA /* DividendUpdateViewController.h */ = {isa = PBXFileReference; fileEncoding = 4; lastKnownFileType = sourcecode.c.h; path = DividendUpdateViewController.h; sourceTree = "<group>"; };
		D90AE072183AE12A00D0ACAA /* DividendUpdateViewController.m */ = {isa = PBXFileReference; fileEncoding = 4; lastKnownFileType = sourcecode.c.objc; path = DividendUpdateViewController.m; sourceTree = "<group>"; };
		D90AE074183AE13A00D0ACAA /* IntructionsViewController.h */ = {isa = PBXFileReference; fileEncoding = 4; lastKnownFileType = sourcecode.c.h; path = IntructionsViewController.h; sourceTree = "<group>"; };
		D90AE075183AE13A00D0ACAA /* IntructionsViewController.m */ = {isa = PBXFileReference; fileEncoding = 4; lastKnownFileType = sourcecode.c.objc; path = IntructionsViewController.m; sourceTree = "<group>"; };
		D90AE078183AE49B00D0ACAA /* bird_120.png */ = {isa = PBXFileReference; lastKnownFileType = image.png; path = bird_120.png; sourceTree = "<group>"; };
		D90AE079183AE49B00D0ACAA /* bird_152.png */ = {isa = PBXFileReference; lastKnownFileType = image.png; path = bird_152.png; sourceTree = "<group>"; };
		D90AE07A183AE49B00D0ACAA /* egg1_grn.png */ = {isa = PBXFileReference; lastKnownFileType = image.png; path = egg1_grn.png; sourceTree = "<group>"; };
		D90AE07B183AE49B00D0ACAA /* egg2_red.png */ = {isa = PBXFileReference; lastKnownFileType = image.png; path = egg2_red.png; sourceTree = "<group>"; };
		D90AE07C183AE49B00D0ACAA /* egg3_prple.png */ = {isa = PBXFileReference; lastKnownFileType = image.png; path = egg3_prple.png; sourceTree = "<group>"; };
		D90AE082183AEB7A00D0ACAA /* FixedReportMasterViewController.h */ = {isa = PBXFileReference; fileEncoding = 4; lastKnownFileType = sourcecode.c.h; path = FixedReportMasterViewController.h; sourceTree = "<group>"; };
		D90AE083183AEB7A00D0ACAA /* FixedReportMasterViewController.m */ = {isa = PBXFileReference; fileEncoding = 4; lastKnownFileType = sourcecode.c.objc; path = FixedReportMasterViewController.m; sourceTree = "<group>"; };
/* End PBXFileReference section */

/* Begin PBXFrameworksBuildPhase section */
		D90AE01F183ADC9F00D0ACAA /* Frameworks */ = {
			isa = PBXFrameworksBuildPhase;
			buildActionMask = 2147483647;
			files = (
				D90AE028183ADC9F00D0ACAA /* CoreGraphics.framework in Frameworks */,
				D90AE02C183ADC9F00D0ACAA /* CoreData.framework in Frameworks */,
				D90AE02A183ADC9F00D0ACAA /* UIKit.framework in Frameworks */,
				D90AE026183ADC9F00D0ACAA /* Foundation.framework in Frameworks */,
			);
			runOnlyForDeploymentPostprocessing = 0;
		};
		D90AE03F183ADC9F00D0ACAA /* Frameworks */ = {
			isa = PBXFrameworksBuildPhase;
			buildActionMask = 2147483647;
			files = (
				D90AE044183ADC9F00D0ACAA /* XCTest.framework in Frameworks */,
				D90AE047183ADC9F00D0ACAA /* CoreData.framework in Frameworks */,
				D90AE046183ADC9F00D0ACAA /* UIKit.framework in Frameworks */,
				D90AE045183ADC9F00D0ACAA /* Foundation.framework in Frameworks */,
			);
			runOnlyForDeploymentPostprocessing = 0;
		};
/* End PBXFrameworksBuildPhase section */

/* Begin PBXGroup section */
		D90AE019183ADC9F00D0ACAA = {
			isa = PBXGroup;
			children = (
				123ABE0818445AC700CA2C57 /* DividendReportViewController.h */,
				123ABE0918445AC700CA2C57 /* DividendReportViewController.m */,
				123ABE0518445A9E00CA2C57 /* InterestReportMasterViewController.h */,
				123ABE0618445A9E00CA2C57 /* InterestReportMasterViewController.m */,
				D90AE082183AEB7A00D0ACAA /* FixedReportMasterViewController.h */,
				D90AE083183AEB7A00D0ACAA /* FixedReportMasterViewController.m */,
				D90AE077183AE48400D0ACAA /* images */,
				D90AE074183AE13A00D0ACAA /* IntructionsViewController.h */,
				D90AE075183AE13A00D0ACAA /* IntructionsViewController.m */,
				D90AE071183AE12A00D0ACAA /* DividendUpdateViewController.h */,
				D90AE072183AE12A00D0ACAA /* DividendUpdateViewController.m */,
				D90AE06B183AE0F800D0ACAA /* InterestUpdateViewController.h */,
				D90AE06C183AE0F800D0ACAA /* InterestUpdateViewController.m */,
				D90AE065183AE0C900D0ACAA /* FixedUpdatesViewController.h */,
				D90AE066183AE0C900D0ACAA /* FixedUpdatesViewController.m */,
				D90AE05F183AE09800D0ACAA /* SummaryViewController.h */,
				D90AE060183AE09800D0ACAA /* SummaryViewController.m */,
				D90AE05C183AE08A00D0ACAA /* MonthSelectorViewController.h */,
				D90AE05D183AE08A00D0ACAA /* MonthSelectorViewController.m */,
				D90AE05A183AE01900D0ACAA /* Storyboard.storyboard */,
				D90AE02D183ADC9F00D0ACAA /* NestEggIncome2 */,
				D90AE04A183ADC9F00D0ACAA /* NestEggIncome2Tests */,
				D90AE024183ADC9F00D0ACAA /* Frameworks */,
				D90AE023183ADC9F00D0ACAA /* Products */,
			);
			sourceTree = "<group>";
		};
		D90AE023183ADC9F00D0ACAA /* Products */ = {
			isa = PBXGroup;
			children = (
				D90AE022183ADC9F00D0ACAA /* NestEggIncome2.app */,
				D90AE042183ADC9F00D0ACAA /* NestEggIncome2Tests.xctest */,
			);
			name = Products;
			sourceTree = "<group>";
		};
		D90AE024183ADC9F00D0ACAA /* Frameworks */ = {
			isa = PBXGroup;
			children = (
				D90AE025183ADC9F00D0ACAA /* Foundation.framework */,
				D90AE027183ADC9F00D0ACAA /* CoreGraphics.framework */,
				D90AE029183ADC9F00D0ACAA /* UIKit.framework */,
				D90AE02B183ADC9F00D0ACAA /* CoreData.framework */,
				D90AE043183ADC9F00D0ACAA /* XCTest.framework */,
			);
			name = Frameworks;
			sourceTree = "<group>";
		};
		D90AE02D183ADC9F00D0ACAA /* NestEggIncome2 */ = {
			isa = PBXGroup;
			children = (
				D90AE036183ADC9F00D0ACAA /* NestEggIncome2AppDelegate.h */,
				D90AE037183ADC9F00D0ACAA /* NestEggIncome2AppDelegate.m */,
				D90AE03C183ADC9F00D0ACAA /* Images.xcassets */,
				D90AE039183ADC9F00D0ACAA /* NestEggIncome2.xcdatamodeld */,
				D90AE02E183ADC9F00D0ACAA /* Supporting Files */,
			);
			path = NestEggIncome2;
			sourceTree = "<group>";
		};
		D90AE02E183ADC9F00D0ACAA /* Supporting Files */ = {
			isa = PBXGroup;
			children = (
				D90AE02F183ADC9F00D0ACAA /* NestEggIncome2-Info.plist */,
				D90AE030183ADC9F00D0ACAA /* InfoPlist.strings */,
				D90AE033183ADC9F00D0ACAA /* main.m */,
				D90AE035183ADC9F00D0ACAA /* NestEggIncome2-Prefix.pch */,
			);
			name = "Supporting Files";
			sourceTree = "<group>";
		};
		D90AE04A183ADC9F00D0ACAA /* NestEggIncome2Tests */ = {
			isa = PBXGroup;
			children = (
				D90AE050183ADC9F00D0ACAA /* NestEggIncome2Tests.m */,
				D90AE04B183ADC9F00D0ACAA /* Supporting Files */,
			);
			path = NestEggIncome2Tests;
			sourceTree = "<group>";
		};
		D90AE04B183ADC9F00D0ACAA /* Supporting Files */ = {
			isa = PBXGroup;
			children = (
				D90AE04C183ADC9F00D0ACAA /* NestEggIncome2Tests-Info.plist */,
				D90AE04D183ADC9F00D0ACAA /* InfoPlist.strings */,
			);
			name = "Supporting Files";
			sourceTree = "<group>";
		};
		D90AE077183AE48400D0ACAA /* images */ = {
			isa = PBXGroup;
			children = (
				D90AE078183AE49B00D0ACAA /* bird_120.png */,
				D90AE079183AE49B00D0ACAA /* bird_152.png */,
				D90AE07A183AE49B00D0ACAA /* egg1_grn.png */,
				D90AE07B183AE49B00D0ACAA /* egg2_red.png */,
				D90AE07C183AE49B00D0ACAA /* egg3_prple.png */,
			);
			name = images;
			sourceTree = "<group>";
		};
/* End PBXGroup section */

/* Begin PBXNativeTarget section */
		D90AE021183ADC9F00D0ACAA /* NestEggIncome2 */ = {
			isa = PBXNativeTarget;
			buildConfigurationList = D90AE054183ADC9F00D0ACAA /* Build configuration list for PBXNativeTarget "NestEggIncome2" */;
			buildPhases = (
				D90AE01E183ADC9F00D0ACAA /* Sources */,
				D90AE01F183ADC9F00D0ACAA /* Frameworks */,
				D90AE020183ADC9F00D0ACAA /* Resources */,
			);
			buildRules = (
			);
			dependencies = (
			);
			name = NestEggIncome2;
			productName = NestEggIncome2;
			productReference = D90AE022183ADC9F00D0ACAA /* NestEggIncome2.app */;
			productType = "com.apple.product-type.application";
		};
		D90AE041183ADC9F00D0ACAA /* NestEggIncome2Tests */ = {
			isa = PBXNativeTarget;
			buildConfigurationList = D90AE057183ADC9F00D0ACAA /* Build configuration list for PBXNativeTarget "NestEggIncome2Tests" */;
			buildPhases = (
				D90AE03E183ADC9F00D0ACAA /* Sources */,
				D90AE03F183ADC9F00D0ACAA /* Frameworks */,
				D90AE040183ADC9F00D0ACAA /* Resources */,
			);
			buildRules = (
			);
			dependencies = (
				D90AE049183ADC9F00D0ACAA /* PBXTargetDependency */,
			);
			name = NestEggIncome2Tests;
			productName = NestEggIncome2Tests;
			productReference = D90AE042183ADC9F00D0ACAA /* NestEggIncome2Tests.xctest */;
			productType = "com.apple.product-type.bundle.unit-test";
		};
/* End PBXNativeTarget section */

/* Begin PBXProject section */
		D90AE01A183ADC9F00D0ACAA /* Project object */ = {
			isa = PBXProject;
			attributes = {
				CLASSPREFIX = NestEggIncome2;
				LastUpgradeCheck = 0500;
				ORGANIZATIONNAME = "RVC Student";
				TargetAttributes = {
					D90AE021183ADC9F00D0ACAA = {
						DevelopmentTeam = LAK6SGQ7Q5;
					};
					D90AE041183ADC9F00D0ACAA = {
						TestTargetID = D90AE021183ADC9F00D0ACAA;
					};
				};
			};
			buildConfigurationList = D90AE01D183ADC9F00D0ACAA /* Build configuration list for PBXProject "NestEggIncome2" */;
			compatibilityVersion = "Xcode 3.2";
			developmentRegion = English;
			hasScannedForEncodings = 0;
			knownRegions = (
				en,
			);
			mainGroup = D90AE019183ADC9F00D0ACAA;
			productRefGroup = D90AE023183ADC9F00D0ACAA /* Products */;
			projectDirPath = "";
			projectRoot = "";
			targets = (
				D90AE021183ADC9F00D0ACAA /* NestEggIncome2 */,
				D90AE041183ADC9F00D0ACAA /* NestEggIncome2Tests */,
			);
		};
/* End PBXProject section */

/* Begin PBXResourcesBuildPhase section */
		D90AE020183ADC9F00D0ACAA /* Resources */ = {
			isa = PBXResourcesBuildPhase;
			buildActionMask = 2147483647;
			files = (
				D90AE032183ADC9F00D0ACAA /* InfoPlist.strings in Resources */,
				D90AE081183AE49B00D0ACAA /* egg3_prple.png in Resources */,
				D90AE080183AE49B00D0ACAA /* egg2_red.png in Resources */,
				D90AE03D183ADC9F00D0ACAA /* Images.xcassets in Resources */,
				D90AE07D183AE49B00D0ACAA /* bird_120.png in Resources */,
				D90AE05B183AE01900D0ACAA /* Storyboard.storyboard in Resources */,
				D90AE07E183AE49B00D0ACAA /* bird_152.png in Resources */,
				D90AE07F183AE49B00D0ACAA /* egg1_grn.png in Resources */,
			);
			runOnlyForDeploymentPostprocessing = 0;
		};
		D90AE040183ADC9F00D0ACAA /* Resources */ = {
			isa = PBXResourcesBuildPhase;
			buildActionMask = 2147483647;
			files = (
				D90AE04F183ADC9F00D0ACAA /* InfoPlist.strings in Resources */,
			);
			runOnlyForDeploymentPostprocessing = 0;
		};
/* End PBXResourcesBuildPhase section */

/* Begin PBXSourcesBuildPhase section */
		D90AE01E183ADC9F00D0ACAA /* Sources */ = {
			isa = PBXSourcesBuildPhase;
			buildActionMask = 2147483647;
			files = (
				D90AE038183ADC9F00D0ACAA /* NestEggIncome2AppDelegate.m in Sources */,
				D90AE067183AE0C900D0ACAA /* FixedUpdatesViewController.m in Sources */,
				D90AE034183ADC9F00D0ACAA /* main.m in Sources */,
				D90AE05E183AE08A00D0ACAA /* MonthSelectorViewController.m in Sources */,
				D90AE061183AE09800D0ACAA /* SummaryViewController.m in Sources */,
				D90AE084183AEB7A00D0ACAA /* FixedReportMasterViewController.m in Sources */,
				D90AE076183AE13A00D0ACAA /* IntructionsViewController.m in Sources */,
				123ABE0A18445AC700CA2C57 /* DividendReportViewController.m in Sources */,
				D90AE073183AE12A00D0ACAA /* DividendUpdateViewController.m in Sources */,
				D90AE06D183AE0F800D0ACAA /* InterestUpdateViewController.m in Sources */,
				D90AE03B183ADC9F00D0ACAA /* NestEggIncome2.xcdatamodeld in Sources */,
				123ABE0718445A9E00CA2C57 /* InterestReportMasterViewController.m in Sources */,
			);
			runOnlyForDeploymentPostprocessing = 0;
		};
		D90AE03E183ADC9F00D0ACAA /* Sources */ = {
			isa = PBXSourcesBuildPhase;
			buildActionMask = 2147483647;
			files = (
				D90AE051183ADC9F00D0ACAA /* NestEggIncome2Tests.m in Sources */,
			);
			runOnlyForDeploymentPostprocessing = 0;
		};
/* End PBXSourcesBuildPhase section */

/* Begin PBXTargetDependency section */
		D90AE049183ADC9F00D0ACAA /* PBXTargetDependency */ = {
			isa = PBXTargetDependency;
			target = D90AE021183ADC9F00D0ACAA /* NestEggIncome2 */;
			targetProxy = D90AE048183ADC9F00D0ACAA /* PBXContainerItemProxy */;
		};
/* End PBXTargetDependency section */

/* Begin PBXVariantGroup section */
		D90AE030183ADC9F00D0ACAA /* InfoPlist.strings */ = {
			isa = PBXVariantGroup;
			children = (
				D90AE031183ADC9F00D0ACAA /* en */,
			);
			name = InfoPlist.strings;
			sourceTree = "<group>";
		};
		D90AE04D183ADC9F00D0ACAA /* InfoPlist.strings */ = {
			isa = PBXVariantGroup;
			children = (
				D90AE04E183ADC9F00D0ACAA /* en */,
			);
			name = InfoPlist.strings;
			sourceTree = "<group>";
		};
/* End PBXVariantGroup section */

/* Begin XCBuildConfiguration section */
		D90AE052183ADC9F00D0ACAA /* Debug */ = {
			isa = XCBuildConfiguration;
			buildSettings = {
				ALWAYS_SEARCH_USER_PATHS = NO;
				ARCHS = "$(ARCHS_STANDARD_INCLUDING_64_BIT)";
				CLANG_CXX_LANGUAGE_STANDARD = "gnu++0x";
				CLANG_CXX_LIBRARY = "libc++";
				CLANG_ENABLE_MODULES = YES;
				CLANG_ENABLE_OBJC_ARC = YES;
				CLANG_WARN_BOOL_CONVERSION = YES;
				CLANG_WARN_CONSTANT_CONVERSION = YES;
				CLANG_WARN_DIRECT_OBJC_ISA_USAGE = YES_ERROR;
				CLANG_WARN_EMPTY_BODY = YES;
				CLANG_WARN_ENUM_CONVERSION = YES;
				CLANG_WARN_INT_CONVERSION = YES;
				CLANG_WARN_OBJC_ROOT_CLASS = YES_ERROR;
				CLANG_WARN__DUPLICATE_METHOD_MATCH = YES;
				"CODE_SIGN_IDENTITY[sdk=iphoneos*]" = "iPhone Developer";
				COPY_PHASE_STRIP = NO;
				GCC_C_LANGUAGE_STANDARD = gnu99;
				GCC_DYNAMIC_NO_PIC = NO;
				GCC_OPTIMIZATION_LEVEL = 0;
				GCC_PREPROCESSOR_DEFINITIONS = (
					"DEBUG=1",
					"$(inherited)",
				);
				GCC_SYMBOLS_PRIVATE_EXTERN = NO;
				GCC_WARN_64_TO_32_BIT_CONVERSION = YES;
				GCC_WARN_ABOUT_RETURN_TYPE = YES_ERROR;
				GCC_WARN_UNDECLARED_SELECTOR = YES;
				GCC_WARN_UNINITIALIZED_AUTOS = YES;
				GCC_WARN_UNUSED_FUNCTION = YES;
				GCC_WARN_UNUSED_VARIABLE = YES;
				IPHONEOS_DEPLOYMENT_TARGET = 7.0;
				ONLY_ACTIVE_ARCH = YES;
				SDKROOT = iphoneos;
			};
			name = Debug;
		};
		D90AE053183ADC9F00D0ACAA /* Release */ = {
			isa = XCBuildConfiguration;
			buildSettings = {
				ALWAYS_SEARCH_USER_PATHS = NO;
				ARCHS = "$(ARCHS_STANDARD_INCLUDING_64_BIT)";
				CLANG_CXX_LANGUAGE_STANDARD = "gnu++0x";
				CLANG_CXX_LIBRARY = "libc++";
				CLANG_ENABLE_MODULES = YES;
				CLANG_ENABLE_OBJC_ARC = YES;
				CLANG_WARN_BOOL_CONVERSION = YES;
				CLANG_WARN_CONSTANT_CONVERSION = YES;
				CLANG_WARN_DIRECT_OBJC_ISA_USAGE = YES_ERROR;
				CLANG_WARN_EMPTY_BODY = YES;
				CLANG_WARN_ENUM_CONVERSION = YES;
				CLANG_WARN_INT_CONVERSION = YES;
				CLANG_WARN_OBJC_ROOT_CLASS = YES_ERROR;
				CLANG_WARN__DUPLICATE_METHOD_MATCH = YES;
				CODE_SIGN_IDENTITY = "iPhone Developer";
				"CODE_SIGN_IDENTITY[sdk=iphoneos*]" = "iPhone Developer";
				COPY_PHASE_STRIP = YES;
				ENABLE_NS_ASSERTIONS = NO;
				GCC_C_LANGUAGE_STANDARD = gnu99;
				GCC_WARN_64_TO_32_BIT_CONVERSION = YES;
				GCC_WARN_ABOUT_RETURN_TYPE = YES_ERROR;
				GCC_WARN_UNDECLARED_SELECTOR = YES;
				GCC_WARN_UNINITIALIZED_AUTOS = YES;
				GCC_WARN_UNUSED_FUNCTION = YES;
				GCC_WARN_UNUSED_VARIABLE = YES;
				IPHONEOS_DEPLOYMENT_TARGET = 7.0;
				SDKROOT = iphoneos;
				VALIDATE_PRODUCT = YES;
			};
			name = Release;
		};
		D90AE055183ADC9F00D0ACAA /* Debug */ = {
			isa = XCBuildConfiguration;
			buildSettings = {
				ASSETCATALOG_COMPILER_APPICON_NAME = AppIcon;
				ASSETCATALOG_COMPILER_LAUNCHIMAGE_NAME = LaunchImage;
				CODE_SIGN_IDENTITY = "iPhone Developer";
				GCC_PRECOMPILE_PREFIX_HEADER = YES;
				GCC_PREFIX_HEADER = "NestEggIncome2/NestEggIncome2-Prefix.pch";
				INFOPLIST_FILE = "NestEggIncome2/NestEggIncome2-Info.plist";
				PRODUCT_NAME = "$(TARGET_NAME)";
				WRAPPER_EXTENSION = app;
			};
			name = Debug;
		};
		D90AE056183ADC9F00D0ACAA /* Release */ = {
			isa = XCBuildConfiguration;
			buildSettings = {
				ASSETCATALOG_COMPILER_APPICON_NAME = AppIcon;
				ASSETCATALOG_COMPILER_LAUNCHIMAGE_NAME = LaunchImage;
				CODE_SIGN_IDENTITY = "iPhone Developer";
				GCC_PRECOMPILE_PREFIX_HEADER = YES;
				GCC_PREFIX_HEADER = "NestEggIncome2/NestEggIncome2-Prefix.pch";
				INFOPLIST_FILE = "NestEggIncome2/NestEggIncome2-Info.plist";
				PRODUCT_NAME = "$(TARGET_NAME)";
				WRAPPER_EXTENSION = app;
			};
			name = Release;
		};
		D90AE058183ADC9F00D0ACAA /* Debug */ = {
			isa = XCBuildConfiguration;
			buildSettings = {
				ARCHS = "$(ARCHS_STANDARD_INCLUDING_64_BIT)";
				BUNDLE_LOADER = "$(BUILT_PRODUCTS_DIR)/NestEggIncome2.app/NestEggIncome2";
				FRAMEWORK_SEARCH_PATHS = (
					"$(SDKROOT)/Developer/Library/Frameworks",
					"$(inherited)",
					"$(DEVELOPER_FRAMEWORKS_DIR)",
				);
				GCC_PRECOMPILE_PREFIX_HEADER = YES;
				GCC_PREFIX_HEADER = "NestEggIncome2/NestEggIncome2-Prefix.pch";
				GCC_PREPROCESSOR_DEFINITIONS = (
					"DEBUG=1",
					"$(inherited)",
				);
				INFOPLIST_FILE = "NestEggIncome2Tests/NestEggIncome2Tests-Info.plist";
				PRODUCT_NAME = "$(TARGET_NAME)";
				TEST_HOST = "$(BUNDLE_LOADER)";
				WRAPPER_EXTENSION = xctest;
			};
			name = Debug;
		};
		D90AE059183ADC9F00D0ACAA /* Release */ = {
			isa = XCBuildConfiguration;
			buildSettings = {
				ARCHS = "$(ARCHS_STANDARD_INCLUDING_64_BIT)";
				BUNDLE_LOADER = "$(BUILT_PRODUCTS_DIR)/NestEggIncome2.app/NestEggIncome2";
				FRAMEWORK_SEARCH_PATHS = (
					"$(SDKROOT)/Developer/Library/Frameworks",
					"$(inherited)",
					"$(DEVELOPER_FRAMEWORKS_DIR)",
				);
				GCC_PRECOMPILE_PREFIX_HEADER = YES;
				GCC_PREFIX_HEADER = "NestEggIncome2/NestEggIncome2-Prefix.pch";
				INFOPLIST_FILE = "NestEggIncome2Tests/NestEggIncome2Tests-Info.plist";
				PRODUCT_NAME = "$(TARGET_NAME)";
				TEST_HOST = "$(BUNDLE_LOADER)";
				WRAPPER_EXTENSION = xctest;
			};
			name = Release;
		};
/* End XCBuildConfiguration section */

/* Begin XCConfigurationList section */
		D90AE01D183ADC9F00D0ACAA /* Build configuration list for PBXProject "NestEggIncome2" */ = {
			isa = XCConfigurationList;
			buildConfigurations = (
				D90AE052183ADC9F00D0ACAA /* Debug */,
				D90AE053183ADC9F00D0ACAA /* Release */,
			);
			defaultConfigurationIsVisible = 0;
			defaultConfigurationName = Release;
		};
		D90AE054183ADC9F00D0ACAA /* Build configuration list for PBXNativeTarget "NestEggIncome2" */ = {
			isa = XCConfigurationList;
			buildConfigurations = (
				D90AE055183ADC9F00D0ACAA /* Debug */,
				D90AE056183ADC9F00D0ACAA /* Release */,
			);
			defaultConfigurationIsVisible = 0;
			defaultConfigurationName = Release;
		};
		D90AE057183ADC9F00D0ACAA /* Build configuration list for PBXNativeTarget "NestEggIncome2Tests" */ = {
			isa = XCConfigurationList;
			buildConfigurations = (
				D90AE058183ADC9F00D0ACAA /* Debug */,
				D90AE059183ADC9F00D0ACAA /* Release */,
			);
			defaultConfigurationIsVisible = 0;
			defaultConfigurationName = Release;
		};
/* End XCConfigurationList section */

/* Begin XCVersionGroup section */
		D90AE039183ADC9F00D0ACAA /* NestEggIncome2.xcdatamodeld */ = {
			isa = XCVersionGroup;
			children = (
				D90AE03A183ADC9F00D0ACAA /* NestEggIncome2.xcdatamodel */,
			);
			currentVersion = D90AE03A183ADC9F00D0ACAA /* NestEggIncome2.xcdatamodel */;
			path = NestEggIncome2.xcdatamodeld;
			sourceTree = "<group>";
			versionGroupType = wrapper.xcdatamodel;
		};
/* End XCVersionGroup section */
	};
	rootObject = D90AE01A183ADC9F00D0ACAA /* Project object */;
}
